
Microsoft Visual Studio Solution File, Format Version 12.00
# Visual Studio Version 16
VisualStudioVersion = 16.0.33130.400
MinimumVisualStudioVersion = 10.0.40219.1
Project("{FAE04EC0-301F-11D3-BF4B-00C04F79EFBC}") = "Tiunov", "Tiunov.csproj", "{6DA21921-1B61-4309-9CCA-F67D46440754}"
EndProject
Global
	GlobalSection(SolutionConfigurationPlatforms) = preSolution
		Debug|Any CPU = Debug|Any CPU
		Release|Any CPU = Release|Any CPU
	EndGlobalSection
	GlobalSection(ProjectConfigurationPlatforms) = postSolution
		{6DA21921-1B61-4309-9CCA-F67D46440754}.Debug|Any CPU.ActiveCfg = Debug|Any CPU
		{6DA21921-1B61-4309-9CCA-F67D46440754}.Debug|Any CPU.Build.0 = Debug|Any CPU
		{6DA21921-1B61-4309-9CCA-F67D46440754}.Release|Any CPU.ActiveCfg = Release|Any CPU
		{6DA21921-1B61-4309-9CCA-F67D46440754}.Release|Any CPU.Build.0 = Release|Any CPU
	EndGlobalSection
	GlobalSection(SolutionProperties) = preSolution
		HideSolutionNode = FALSE
	EndGlobalSection
	GlobalSection(ExtensibilityGlobals) = postSolution
		SolutionGuid = {4F13EEC9-B252-45AC-AD2C-DBA634C2EF9A}
	EndGlobalSection
EndGlobal
